
Microsoft Visual Studio Solution File, Format Version 12.00
# Visual Studio Version 17
VisualStudioVersion = 17.7.34031.279
MinimumVisualStudioVersion = 10.0.40219.1
Project("{9A19103F-16F7-4668-BE54-9A1E7A4F7556}") = "Проект", "Проект\Проект.csproj", "{57242391-BE53-45B6-88A4-AFA6BF52E416}"
EndProject
Global
	GlobalSection(SolutionConfigurationPlatforms) = preSolution
		Debug|Any CPU = Debug|Any CPU
		Release|Any CPU = Release|Any CPU
	EndGlobalSection
	GlobalSection(ProjectConfigurationPlatforms) = postSolution
		{57242391-BE53-45B6-88A4-AFA6BF52E416}.Debug|Any CPU.ActiveCfg = Debug|Any CPU
		{57242391-BE53-45B6-88A4-AFA6BF52E416}.Debug|Any CPU.Build.0 = Debug|Any CPU
		{57242391-BE53-45B6-88A4-AFA6BF52E416}.Release|Any CPU.ActiveCfg = Release|Any CPU
		{57242391-BE53-45B6-88A4-AFA6BF52E416}.Release|Any CPU.Build.0 = Release|Any CPU
	EndGlobalSection
	GlobalSection(SolutionProperties) = preSolution
		HideSolutionNode = FALSE
	EndGlobalSection
	GlobalSection(ExtensibilityGlobals) = postSolution
		SolutionGuid = {60380718-F422-427A-857A-746C8AF036F1}
	EndGlobalSection
EndGlobal
